// !$*UTF8*$!
{
	archiveVersion = 1;
	classes = {
	};
	objectVersion = 55;
	objects = {

/* Begin PBXBuildFile section */
		3A47A36B27318BDD00A509B6 /* PlayQueue.swift in Sources */ = {isa = PBXBuildFile; fileRef = 3A47A36A27318BDD00A509B6 /* PlayQueue.swift */; };
		3A47A36E2731936D00A509B6 /* SwiftAudioPlayer in Frameworks */ = {isa = PBXBuildFile; productRef = 3A47A36D2731936D00A509B6 /* SwiftAudioPlayer */; };
		3A47A3702731944100A509B6 /* Extensions.swift in Sources */ = {isa = PBXBuildFile; fileRef = 3A47A36F2731944100A509B6 /* Extensions.swift */; };
		3A8038EA2731048F0044803F /* AppDelegate.swift in Sources */ = {isa = PBXBuildFile; fileRef = 3A8038E92731048F0044803F /* AppDelegate.swift */; };
		3A8038EC2731048F0044803F /* SceneDelegate.swift in Sources */ = {isa = PBXBuildFile; fileRef = 3A8038EB2731048F0044803F /* SceneDelegate.swift */; };
		3A8038F3273104910044803F /* Assets.xcassets in Resources */ = {isa = PBXBuildFile; fileRef = 3A8038F2273104910044803F /* Assets.xcassets */; };
		3A8038F6273104910044803F /* LaunchScreen.storyboard in Resources */ = {isa = PBXBuildFile; fileRef = 3A8038F4273104910044803F /* LaunchScreen.storyboard */; };
		3A803901273104910044803F /* MonsterSirenTests.swift in Sources */ = {isa = PBXBuildFile; fileRef = 3A803900273104910044803F /* MonsterSirenTests.swift */; };
		3A80390B273104910044803F /* MonsterSirenUITests.swift in Sources */ = {isa = PBXBuildFile; fileRef = 3A80390A273104910044803F /* MonsterSirenUITests.swift */; };
		3A80390D273104910044803F /* MonsterSirenUITestsLaunchTests.swift in Sources */ = {isa = PBXBuildFile; fileRef = 3A80390C273104910044803F /* MonsterSirenUITestsLaunchTests.swift */; };
		3A80391C273106240044803F /* AlbumsView.swift in Sources */ = {isa = PBXBuildFile; fileRef = 3A80391B273106240044803F /* AlbumsView.swift */; };
		3A80391E273106430044803F /* ContentsView.swift in Sources */ = {isa = PBXBuildFile; fileRef = 3A80391D273106430044803F /* ContentsView.swift */; };
		3A803922273109350044803F /* Main.storyboard in Resources */ = {isa = PBXBuildFile; fileRef = 3A803921273109350044803F /* Main.storyboard */; };
		3A80392727310AE20044803F /* Album.swift in Sources */ = {isa = PBXBuildFile; fileRef = 3A80392627310AE20044803F /* Album.swift */; };
		3A80392927310E9B0044803F /* AlbumsViewModel.swift in Sources */ = {isa = PBXBuildFile; fileRef = 3A80392827310E9B0044803F /* AlbumsViewModel.swift */; };
		3A80392E273111140044803F /* APIfetch.swift in Sources */ = {isa = PBXBuildFile; fileRef = 3A80392D273111140044803F /* APIfetch.swift */; };
		3A80393027311ACD0044803F /* URLImageViewModel.swift in Sources */ = {isa = PBXBuildFile; fileRef = 3A80392F27311ACD0044803F /* URLImageViewModel.swift */; };
		3A80393227311AE30044803F /* URLImageView.swift in Sources */ = {isa = PBXBuildFile; fileRef = 3A80393127311AE30044803F /* URLImageView.swift */; };
		3A80393427312A1E0044803F /* TabBarView.swift in Sources */ = {isa = PBXBuildFile; fileRef = 3A80393327312A1E0044803F /* TabBarView.swift */; };
		3A80393627312A2B0044803F /* PlayerViewModel.swift in Sources */ = {isa = PBXBuildFile; fileRef = 3A80393527312A2B0044803F /* PlayerViewModel.swift */; };
		3A80393827312AC20044803F /* RootView.swift in Sources */ = {isa = PBXBuildFile; fileRef = 3A80393727312AC20044803F /* RootView.swift */; };
		3A80393A27312B9B0044803F /* LoadingBannerView.swift in Sources */ = {isa = PBXBuildFile; fileRef = 3A80393927312B9A0044803F /* LoadingBannerView.swift */; };
		3A80393C2731382F0044803F /* PlayerView.swift in Sources */ = {isa = PBXBuildFile; fileRef = 3A80393B2731382F0044803F /* PlayerView.swift */; };
		3A80393E273143EB0044803F /* AlbumDetailView.swift in Sources */ = {isa = PBXBuildFile; fileRef = 3A80393D273143EB0044803F /* AlbumDetailView.swift */; };
		3A8CE3622732AFE200DBDEDC /* ProgressView.swift in Sources */ = {isa = PBXBuildFile; fileRef = 3A8CE3612732AFE200DBDEDC /* ProgressView.swift */; };
		3A8CE3642732BD8000DBDEDC /* URLDynamicImageView.swift in Sources */ = {isa = PBXBuildFile; fileRef = 3A8CE3632732BD8000DBDEDC /* URLDynamicImageView.swift */; };
		3ACD4DFA27363582000787C6 /* SongsList.swift in Sources */ = {isa = PBXBuildFile; fileRef = 3ACD4DF927363582000787C6 /* SongsList.swift */; };
		3ACD4DFC27365779000787C6 /* MiniPlayer.swift in Sources */ = {isa = PBXBuildFile; fileRef = 3ACD4DFB27365779000787C6 /* MiniPlayer.swift */; };
/* End PBXBuildFile section */

/* Begin PBXContainerItemProxy section */
		3A8038FD273104910044803F /* PBXContainerItemProxy */ = {
			isa = PBXContainerItemProxy;
			containerPortal = 3A8038DE2731048F0044803F /* Project object */;
			proxyType = 1;
			remoteGlobalIDString = 3A8038E52731048F0044803F;
			remoteInfo = MonsterSiren;
		};
		3A803907273104910044803F /* PBXContainerItemProxy */ = {
			isa = PBXContainerItemProxy;
			containerPortal = 3A8038DE2731048F0044803F /* Project object */;
			proxyType = 1;
			remoteGlobalIDString = 3A8038E52731048F0044803F;
			remoteInfo = MonsterSiren;
		};
/* End PBXContainerItemProxy section */

/* Begin PBXFileReference section */
		3A47A36A27318BDD00A509B6 /* PlayQueue.swift */ = {isa = PBXFileReference; lastKnownFileType = sourcecode.swift; path = PlayQueue.swift; sourceTree = "<group>"; };
		3A47A36F2731944100A509B6 /* Extensions.swift */ = {isa = PBXFileReference; lastKnownFileType = sourcecode.swift; path = Extensions.swift; sourceTree = "<group>"; };
		3A8038E62731048F0044803F /* MonsterSiren.app */ = {isa = PBXFileReference; explicitFileType = wrapper.application; includeInIndex = 0; path = MonsterSiren.app; sourceTree = BUILT_PRODUCTS_DIR; };
		3A8038E92731048F0044803F /* AppDelegate.swift */ = {isa = PBXFileReference; lastKnownFileType = sourcecode.swift; path = AppDelegate.swift; sourceTree = "<group>"; };
		3A8038EB2731048F0044803F /* SceneDelegate.swift */ = {isa = PBXFileReference; lastKnownFileType = sourcecode.swift; path = SceneDelegate.swift; sourceTree = "<group>"; };
		3A8038F2273104910044803F /* Assets.xcassets */ = {isa = PBXFileReference; lastKnownFileType = folder.assetcatalog; path = Assets.xcassets; sourceTree = "<group>"; };
		3A8038F5273104910044803F /* Base */ = {isa = PBXFileReference; lastKnownFileType = file.storyboard; name = Base; path = Base.lproj/LaunchScreen.storyboard; sourceTree = "<group>"; };
		3A8038F7273104910044803F /* Info.plist */ = {isa = PBXFileReference; lastKnownFileType = text.plist.xml; path = Info.plist; sourceTree = "<group>"; };
		3A8038FC273104910044803F /* MonsterSirenTests.xctest */ = {isa = PBXFileReference; explicitFileType = wrapper.cfbundle; includeInIndex = 0; path = MonsterSirenTests.xctest; sourceTree = BUILT_PRODUCTS_DIR; };
		3A803900273104910044803F /* MonsterSirenTests.swift */ = {isa = PBXFileReference; lastKnownFileType = sourcecode.swift; path = MonsterSirenTests.swift; sourceTree = "<group>"; };
		3A803906273104910044803F /* MonsterSirenUITests.xctest */ = {isa = PBXFileReference; explicitFileType = wrapper.cfbundle; includeInIndex = 0; path = MonsterSirenUITests.xctest; sourceTree = BUILT_PRODUCTS_DIR; };
		3A80390A273104910044803F /* MonsterSirenUITests.swift */ = {isa = PBXFileReference; lastKnownFileType = sourcecode.swift; path = MonsterSirenUITests.swift; sourceTree = "<group>"; };
		3A80390C273104910044803F /* MonsterSirenUITestsLaunchTests.swift */ = {isa = PBXFileReference; lastKnownFileType = sourcecode.swift; path = MonsterSirenUITestsLaunchTests.swift; sourceTree = "<group>"; };
		3A803919273104B50044803F /* MonsterSiren.entitlements */ = {isa = PBXFileReference; lastKnownFileType = text.plist.entitlements; path = MonsterSiren.entitlements; sourceTree = "<group>"; };
		3A80391B273106240044803F /* AlbumsView.swift */ = {isa = PBXFileReference; lastKnownFileType = sourcecode.swift; path = AlbumsView.swift; sourceTree = "<group>"; };
		3A80391D273106430044803F /* ContentsView.swift */ = {isa = PBXFileReference; lastKnownFileType = sourcecode.swift; path = ContentsView.swift; sourceTree = "<group>"; };
		3A803921273109350044803F /* Main.storyboard */ = {isa = PBXFileReference; lastKnownFileType = file.storyboard; path = Main.storyboard; sourceTree = "<group>"; };
		3A80392627310AE20044803F /* Album.swift */ = {isa = PBXFileReference; lastKnownFileType = sourcecode.swift; path = Album.swift; sourceTree = "<group>"; };
		3A80392827310E9B0044803F /* AlbumsViewModel.swift */ = {isa = PBXFileReference; lastKnownFileType = sourcecode.swift; path = AlbumsViewModel.swift; sourceTree = "<group>"; };
		3A80392D273111140044803F /* APIfetch.swift */ = {isa = PBXFileReference; lastKnownFileType = sourcecode.swift; path = APIfetch.swift; sourceTree = "<group>"; };
		3A80392F27311ACD0044803F /* URLImageViewModel.swift */ = {isa = PBXFileReference; lastKnownFileType = sourcecode.swift; path = URLImageViewModel.swift; sourceTree = "<group>"; };
		3A80393127311AE30044803F /* URLImageView.swift */ = {isa = PBXFileReference; lastKnownFileType = sourcecode.swift; path = URLImageView.swift; sourceTree = "<group>"; };
		3A80393327312A1E0044803F /* TabBarView.swift */ = {isa = PBXFileReference; lastKnownFileType = sourcecode.swift; path = TabBarView.swift; sourceTree = "<group>"; };
		3A80393527312A2B0044803F /* PlayerViewModel.swift */ = {isa = PBXFileReference; lastKnownFileType = sourcecode.swift; path = PlayerViewModel.swift; sourceTree = "<group>"; };
		3A80393727312AC20044803F /* RootView.swift */ = {isa = PBXFileReference; lastKnownFileType = sourcecode.swift; path = RootView.swift; sourceTree = "<group>"; };
		3A80393927312B9A0044803F /* LoadingBannerView.swift */ = {isa = PBXFileReference; lastKnownFileType = sourcecode.swift; path = LoadingBannerView.swift; sourceTree = "<group>"; };
		3A80393B2731382F0044803F /* PlayerView.swift */ = {isa = PBXFileReference; lastKnownFileType = sourcecode.swift; path = PlayerView.swift; sourceTree = "<group>"; };
		3A80393D273143EB0044803F /* AlbumDetailView.swift */ = {isa = PBXFileReference; lastKnownFileType = sourcecode.swift; path = AlbumDetailView.swift; sourceTree = "<group>"; };
		3A8CE3612732AFE200DBDEDC /* ProgressView.swift */ = {isa = PBXFileReference; lastKnownFileType = sourcecode.swift; path = ProgressView.swift; sourceTree = "<group>"; };
		3A8CE3632732BD8000DBDEDC /* URLDynamicImageView.swift */ = {isa = PBXFileReference; lastKnownFileType = sourcecode.swift; path = URLDynamicImageView.swift; sourceTree = "<group>"; };
		3ACD4DF927363582000787C6 /* SongsList.swift */ = {isa = PBXFileReference; lastKnownFileType = sourcecode.swift; path = SongsList.swift; sourceTree = "<group>"; };
		3ACD4DFB27365779000787C6 /* MiniPlayer.swift */ = {isa = PBXFileReference; lastKnownFileType = sourcecode.swift; path = MiniPlayer.swift; sourceTree = "<group>"; };
/* End PBXFileReference section */

/* Begin PBXFrameworksBuildPhase section */
		3A8038E32731048F0044803F /* Frameworks */ = {
			isa = PBXFrameworksBuildPhase;
			buildActionMask = 2147483647;
			files = (
				3A47A36E2731936D00A509B6 /* SwiftAudioPlayer in Frameworks */,
			);
			runOnlyForDeploymentPostprocessing = 0;
		};
		3A8038F9273104910044803F /* Frameworks */ = {
			isa = PBXFrameworksBuildPhase;
			buildActionMask = 2147483647;
			files = (
			);
			runOnlyForDeploymentPostprocessing = 0;
		};
		3A803903273104910044803F /* Frameworks */ = {
			isa = PBXFrameworksBuildPhase;
			buildActionMask = 2147483647;
			files = (
			);
			runOnlyForDeploymentPostprocessing = 0;
		};
/* End PBXFrameworksBuildPhase section */

/* Begin PBXGroup section */
		3A8038DD2731048F0044803F = {
			isa = PBXGroup;
			children = (
				3A8038E82731048F0044803F /* MonsterSiren */,
				3A8038FF273104910044803F /* MonsterSirenTests */,
				3A803909273104910044803F /* MonsterSirenUITests */,
				3A8038E72731048F0044803F /* Products */,
			);
			sourceTree = "<group>";
		};
		3A8038E72731048F0044803F /* Products */ = {
			isa = PBXGroup;
			children = (
				3A8038E62731048F0044803F /* MonsterSiren.app */,
				3A8038FC273104910044803F /* MonsterSirenTests.xctest */,
				3A803906273104910044803F /* MonsterSirenUITests.xctest */,
			);
			name = Products;
			sourceTree = "<group>";
		};
		3A8038E82731048F0044803F /* MonsterSiren */ = {
			isa = PBXGroup;
			children = (
				3A803919273104B50044803F /* MonsterSiren.entitlements */,
				3A8038E92731048F0044803F /* AppDelegate.swift */,
				3A8038EB2731048F0044803F /* SceneDelegate.swift */,
				3A80391D273106430044803F /* ContentsView.swift */,
				3A803921273109350044803F /* Main.storyboard */,
				3A80392C273111070044803F /* Tool */,
				3A80392427310A230044803F /* Model */,
				3A80392527310A280044803F /* ViewModel */,
				3A80392327310A200044803F /* View */,
				3A8038F2273104910044803F /* Assets.xcassets */,
				3A8038F4273104910044803F /* LaunchScreen.storyboard */,
				3A8038F7273104910044803F /* Info.plist */,
			);
			path = MonsterSiren;
			sourceTree = "<group>";
		};
		3A8038FF273104910044803F /* MonsterSirenTests */ = {
			isa = PBXGroup;
			children = (
				3A803900273104910044803F /* MonsterSirenTests.swift */,
			);
			path = MonsterSirenTests;
			sourceTree = "<group>";
		};
		3A803909273104910044803F /* MonsterSirenUITests */ = {
			isa = PBXGroup;
			children = (
				3A80390A273104910044803F /* MonsterSirenUITests.swift */,
				3A80390C273104910044803F /* MonsterSirenUITestsLaunchTests.swift */,
			);
			path = MonsterSirenUITests;
			sourceTree = "<group>";
		};
		3A80392327310A200044803F /* View */ = {
			isa = PBXGroup;
			children = (
				3A80391B273106240044803F /* AlbumsView.swift */,
				3A80393D273143EB0044803F /* AlbumDetailView.swift */,
				3ACD4DF927363582000787C6 /* SongsList.swift */,
				3A80393127311AE30044803F /* URLImageView.swift */,
				3A8CE3632732BD8000DBDEDC /* URLDynamicImageView.swift */,
				3A80393327312A1E0044803F /* TabBarView.swift */,
				3A80393B2731382F0044803F /* PlayerView.swift */,
				3ACD4DFB27365779000787C6 /* MiniPlayer.swift */,
				3A80393727312AC20044803F /* RootView.swift */,
				3A80393927312B9A0044803F /* LoadingBannerView.swift */,
				3A8CE3612732AFE200DBDEDC /* ProgressView.swift */,
			);
			path = View;
			sourceTree = "<group>";
		};
		3A80392427310A230044803F /* Model */ = {
			isa = PBXGroup;
			children = (
				3A80392627310AE20044803F /* Album.swift */,
				3A47A36A27318BDD00A509B6 /* PlayQueue.swift */,
			);
			path = Model;
			sourceTree = "<group>";
		};
		3A80392527310A280044803F /* ViewModel */ = {
			isa = PBXGroup;
			children = (
				3A80392827310E9B0044803F /* AlbumsViewModel.swift */,
				3A80392F27311ACD0044803F /* URLImageViewModel.swift */,
				3A80393527312A2B0044803F /* PlayerViewModel.swift */,
			);
			path = ViewModel;
			sourceTree = "<group>";
		};
		3A80392C273111070044803F /* Tool */ = {
			isa = PBXGroup;
			children = (
				3A80392D273111140044803F /* APIfetch.swift */,
				3A47A36F2731944100A509B6 /* Extensions.swift */,
			);
			path = Tool;
			sourceTree = "<group>";
		};
/* End PBXGroup section */

/* Begin PBXNativeTarget section */
		3A8038E52731048F0044803F /* MonsterSiren */ = {
			isa = PBXNativeTarget;
			buildConfigurationList = 3A803910273104910044803F /* Build configuration list for PBXNativeTarget "MonsterSiren" */;
			buildPhases = (
				3A8038E22731048F0044803F /* Sources */,
				3A8038E32731048F0044803F /* Frameworks */,
				3A8038E42731048F0044803F /* Resources */,
			);
			buildRules = (
			);
			dependencies = (
			);
			name = MonsterSiren;
			packageProductDependencies = (
				3A47A36D2731936D00A509B6 /* SwiftAudioPlayer */,
			);
			productName = MonsterSiren;
			productReference = 3A8038E62731048F0044803F /* MonsterSiren.app */;
			productType = "com.apple.product-type.application";
		};
		3A8038FB273104910044803F /* MonsterSirenTests */ = {
			isa = PBXNativeTarget;
			buildConfigurationList = 3A803913273104910044803F /* Build configuration list for PBXNativeTarget "MonsterSirenTests" */;
			buildPhases = (
				3A8038F8273104910044803F /* Sources */,
				3A8038F9273104910044803F /* Frameworks */,
				3A8038FA273104910044803F /* Resources */,
			);
			buildRules = (
			);
			dependencies = (
				3A8038FE273104910044803F /* PBXTargetDependency */,
			);
			name = MonsterSirenTests;
			productName = MonsterSirenTests;
			productReference = 3A8038FC273104910044803F /* MonsterSirenTests.xctest */;
			productType = "com.apple.product-type.bundle.unit-test";
		};
		3A803905273104910044803F /* MonsterSirenUITests */ = {
			isa = PBXNativeTarget;
			buildConfigurationList = 3A803916273104910044803F /* Build configuration list for PBXNativeTarget "MonsterSirenUITests" */;
			buildPhases = (
				3A803902273104910044803F /* Sources */,
				3A803903273104910044803F /* Frameworks */,
				3A803904273104910044803F /* Resources */,
			);
			buildRules = (
			);
			dependencies = (
				3A803908273104910044803F /* PBXTargetDependency */,
			);
			name = MonsterSirenUITests;
			productName = MonsterSirenUITests;
			productReference = 3A803906273104910044803F /* MonsterSirenUITests.xctest */;
			productType = "com.apple.product-type.bundle.ui-testing";
		};
/* End PBXNativeTarget section */

/* Begin PBXProject section */
		3A8038DE2731048F0044803F /* Project object */ = {
			isa = PBXProject;
			attributes = {
				BuildIndependentTargetsInParallel = 1;
				LastSwiftUpdateCheck = 1300;
				LastUpgradeCheck = 1300;
				TargetAttributes = {
					3A8038E52731048F0044803F = {
						CreatedOnToolsVersion = 13.0;
					};
					3A8038FB273104910044803F = {
						CreatedOnToolsVersion = 13.0;
						TestTargetID = 3A8038E52731048F0044803F;
					};
					3A803905273104910044803F = {
						CreatedOnToolsVersion = 13.0;
						TestTargetID = 3A8038E52731048F0044803F;
					};
				};
			};
			buildConfigurationList = 3A8038E12731048F0044803F /* Build configuration list for PBXProject "MonsterSiren" */;
			compatibilityVersion = "Xcode 13.0";
			developmentRegion = en;
			hasScannedForEncodings = 0;
			knownRegions = (
				en,
				Base,
			);
			mainGroup = 3A8038DD2731048F0044803F;
			packageReferences = (
				3A47A36C2731936D00A509B6 /* XCRemoteSwiftPackageReference "SwiftAudioPlayer" */,
			);
			productRefGroup = 3A8038E72731048F0044803F /* Products */;
			projectDirPath = "";
			projectRoot = "";
			targets = (
				3A8038E52731048F0044803F /* MonsterSiren */,
				3A8038FB273104910044803F /* MonsterSirenTests */,
				3A803905273104910044803F /* MonsterSirenUITests */,
			);
		};
/* End PBXProject section */

/* Begin PBXResourcesBuildPhase section */
		3A8038E42731048F0044803F /* Resources */ = {
			isa = PBXResourcesBuildPhase;
			buildActionMask = 2147483647;
			files = (
				3A803922273109350044803F /* Main.storyboard in Resources */,
				3A8038F6273104910044803F /* LaunchScreen.storyboard in Resources */,
				3A8038F3273104910044803F /* Assets.xcassets in Resources */,
			);
			runOnlyForDeploymentPostprocessing = 0;
		};
		3A8038FA273104910044803F /* Resources */ = {
			isa = PBXResourcesBuildPhase;
			buildActionMask = 2147483647;
			files = (
			);
			runOnlyForDeploymentPostprocessing = 0;
		};
		3A803904273104910044803F /* Resources */ = {
			isa = PBXResourcesBuildPhase;
			buildActionMask = 2147483647;
			files = (
			);
			runOnlyForDeploymentPostprocessing = 0;
		};
/* End PBXResourcesBuildPhase section */

/* Begin PBXSourcesBuildPhase section */
		3A8038E22731048F0044803F /* Sources */ = {
			isa = PBXSourcesBuildPhase;
			buildActionMask = 2147483647;
			files = (
				3A80391C273106240044803F /* AlbumsView.swift in Sources */,
				3A80392727310AE20044803F /* Album.swift in Sources */,
				3A80393227311AE30044803F /* URLImageView.swift in Sources */,
				3A80393A27312B9B0044803F /* LoadingBannerView.swift in Sources */,
				3A80393C2731382F0044803F /* PlayerView.swift in Sources */,
				3A8CE3642732BD8000DBDEDC /* URLDynamicImageView.swift in Sources */,
				3A47A36B27318BDD00A509B6 /* PlayQueue.swift in Sources */,
				3A80393427312A1E0044803F /* TabBarView.swift in Sources */,
				3A80392E273111140044803F /* APIfetch.swift in Sources */,
				3A80391E273106430044803F /* ContentsView.swift in Sources */,
				3A80393027311ACD0044803F /* URLImageViewModel.swift in Sources */,
				3A8038EA2731048F0044803F /* AppDelegate.swift in Sources */,
				3A80393E273143EB0044803F /* AlbumDetailView.swift in Sources */,
				3A80393827312AC20044803F /* RootView.swift in Sources */,
				3A8038EC2731048F0044803F /* SceneDelegate.swift in Sources */,
				3A47A3702731944100A509B6 /* Extensions.swift in Sources */,
				3ACD4DFA27363582000787C6 /* SongsList.swift in Sources */,
				3A80392927310E9B0044803F /* AlbumsViewModel.swift in Sources */,
				3ACD4DFC27365779000787C6 /* MiniPlayer.swift in Sources */,
				3A80393627312A2B0044803F /* PlayerViewModel.swift in Sources */,
				3A8CE3622732AFE200DBDEDC /* ProgressView.swift in Sources */,
			);
			runOnlyForDeploymentPostprocessing = 0;
		};
		3A8038F8273104910044803F /* Sources */ = {
			isa = PBXSourcesBuildPhase;
			buildActionMask = 2147483647;
			files = (
				3A803901273104910044803F /* MonsterSirenTests.swift in Sources */,
			);
			runOnlyForDeploymentPostprocessing = 0;
		};
		3A803902273104910044803F /* Sources */ = {
			isa = PBXSourcesBuildPhase;
			buildActionMask = 2147483647;
			files = (
				3A80390B273104910044803F /* MonsterSirenUITests.swift in Sources */,
				3A80390D273104910044803F /* MonsterSirenUITestsLaunchTests.swift in Sources */,
			);
			runOnlyForDeploymentPostprocessing = 0;
		};
/* End PBXSourcesBuildPhase section */

/* Begin PBXTargetDependency section */
		3A8038FE273104910044803F /* PBXTargetDependency */ = {
			isa = PBXTargetDependency;
			target = 3A8038E52731048F0044803F /* MonsterSiren */;
			targetProxy = 3A8038FD273104910044803F /* PBXContainerItemProxy */;
		};
		3A803908273104910044803F /* PBXTargetDependency */ = {
			isa = PBXTargetDependency;
			target = 3A8038E52731048F0044803F /* MonsterSiren */;
			targetProxy = 3A803907273104910044803F /* PBXContainerItemProxy */;
		};
/* End PBXTargetDependency section */

/* Begin PBXVariantGroup section */
		3A8038F4273104910044803F /* LaunchScreen.storyboard */ = {
			isa = PBXVariantGroup;
			children = (
				3A8038F5273104910044803F /* Base */,
			);
			name = LaunchScreen.storyboard;
			sourceTree = "<group>";
		};
/* End PBXVariantGroup section */

/* Begin XCBuildConfiguration section */
		3A80390E273104910044803F /* Debug */ = {
			isa = XCBuildConfiguration;
			buildSettings = {
				ALWAYS_SEARCH_USER_PATHS = NO;
				CLANG_ANALYZER_NONNULL = YES;
				CLANG_ANALYZER_NUMBER_OBJECT_CONVERSION = YES_AGGRESSIVE;
				CLANG_CXX_LANGUAGE_STANDARD = "gnu++17";
				CLANG_CXX_LIBRARY = "libc++";
				CLANG_ENABLE_MODULES = YES;
				CLANG_ENABLE_OBJC_ARC = YES;
				CLANG_ENABLE_OBJC_WEAK = YES;
				CLANG_WARN_BLOCK_CAPTURE_AUTORELEASING = YES;
				CLANG_WARN_BOOL_CONVERSION = YES;
				CLANG_WARN_COMMA = YES;
				CLANG_WARN_CONSTANT_CONVERSION = YES;
				CLANG_WARN_DEPRECATED_OBJC_IMPLEMENTATIONS = YES;
				CLANG_WARN_DIRECT_OBJC_ISA_USAGE = YES_ERROR;
				CLANG_WARN_DOCUMENTATION_COMMENTS = YES;
				CLANG_WARN_EMPTY_BODY = YES;
				CLANG_WARN_ENUM_CONVERSION = YES;
				CLANG_WARN_INFINITE_RECURSION = YES;
				CLANG_WARN_INT_CONVERSION = YES;
				CLANG_WARN_NON_LITERAL_NULL_CONVERSION = YES;
				CLANG_WARN_OBJC_IMPLICIT_RETAIN_SELF = YES;
				CLANG_WARN_OBJC_LITERAL_CONVERSION = YES;
				CLANG_WARN_OBJC_ROOT_CLASS = YES_ERROR;
				CLANG_WARN_QUOTED_INCLUDE_IN_FRAMEWORK_HEADER = YES;
				CLANG_WARN_RANGE_LOOP_ANALYSIS = YES;
				CLANG_WARN_STRICT_PROTOTYPES = YES;
				CLANG_WARN_SUSPICIOUS_MOVE = YES;
				CLANG_WARN_UNGUARDED_AVAILABILITY = YES_AGGRESSIVE;
				CLANG_WARN_UNREACHABLE_CODE = YES;
				CLANG_WARN__DUPLICATE_METHOD_MATCH = YES;
				COPY_PHASE_STRIP = NO;
				DEBUG_INFORMATION_FORMAT = dwarf;
				ENABLE_STRICT_OBJC_MSGSEND = YES;
				ENABLE_TESTABILITY = YES;
				GCC_C_LANGUAGE_STANDARD = gnu11;
				GCC_DYNAMIC_NO_PIC = NO;
				GCC_NO_COMMON_BLOCKS = YES;
				GCC_OPTIMIZATION_LEVEL = 0;
				GCC_PREPROCESSOR_DEFINITIONS = (
					"DEBUG=1",
					"$(inherited)",
				);
				GCC_WARN_64_TO_32_BIT_CONVERSION = YES;
				GCC_WARN_ABOUT_RETURN_TYPE = YES_ERROR;
				GCC_WARN_UNDECLARED_SELECTOR = YES;
				GCC_WARN_UNINITIALIZED_AUTOS = YES_AGGRESSIVE;
				GCC_WARN_UNUSED_FUNCTION = YES;
				GCC_WARN_UNUSED_VARIABLE = YES;
				IPHONEOS_DEPLOYMENT_TARGET = 15.0;
				MTL_ENABLE_DEBUG_INFO = INCLUDE_SOURCE;
				MTL_FAST_MATH = YES;
				ONLY_ACTIVE_ARCH = YES;
				SDKROOT = iphoneos;
				SWIFT_ACTIVE_COMPILATION_CONDITIONS = DEBUG;
				SWIFT_OPTIMIZATION_LEVEL = "-Onone";
			};
			name = Debug;
		};
		3A80390F273104910044803F /* Release */ = {
			isa = XCBuildConfiguration;
			buildSettings = {
				ALWAYS_SEARCH_USER_PATHS = NO;
				CLANG_ANALYZER_NONNULL = YES;
				CLANG_ANALYZER_NUMBER_OBJECT_CONVERSION = YES_AGGRESSIVE;
				CLANG_CXX_LANGUAGE_STANDARD = "gnu++17";
				CLANG_CXX_LIBRARY = "libc++";
				CLANG_ENABLE_MODULES = YES;
				CLANG_ENABLE_OBJC_ARC = YES;
				CLANG_ENABLE_OBJC_WEAK = YES;
				CLANG_WARN_BLOCK_CAPTURE_AUTORELEASING = YES;
				CLANG_WARN_BOOL_CONVERSION = YES;
				CLANG_WARN_COMMA = YES;
				CLANG_WARN_CONSTANT_CONVERSION = YES;
				CLANG_WARN_DEPRECATED_OBJC_IMPLEMENTATIONS = YES;
				CLANG_WARN_DIRECT_OBJC_ISA_USAGE = YES_ERROR;
				CLANG_WARN_DOCUMENTATION_COMMENTS = YES;
				CLANG_WARN_EMPTY_BODY = YES;
				CLANG_WARN_ENUM_CONVERSION = YES;
				CLANG_WARN_INFINITE_RECURSION = YES;
				CLANG_WARN_INT_CONVERSION = YES;
				CLANG_WARN_NON_LITERAL_NULL_CONVERSION = YES;
				CLANG_WARN_OBJC_IMPLICIT_RETAIN_SELF = YES;
				CLANG_WARN_OBJC_LITERAL_CONVERSION = YES;
				CLANG_WARN_OBJC_ROOT_CLASS = YES_ERROR;
				CLANG_WARN_QUOTED_INCLUDE_IN_FRAMEWORK_HEADER = YES;
				CLANG_WARN_RANGE_LOOP_ANALYSIS = YES;
				CLANG_WARN_STRICT_PROTOTYPES = YES;
				CLANG_WARN_SUSPICIOUS_MOVE = YES;
				CLANG_WARN_UNGUARDED_AVAILABILITY = YES_AGGRESSIVE;
				CLANG_WARN_UNREACHABLE_CODE = YES;
				CLANG_WARN__DUPLICATE_METHOD_MATCH = YES;
				COPY_PHASE_STRIP = NO;
				DEBUG_INFORMATION_FORMAT = "dwarf-with-dsym";
				ENABLE_NS_ASSERTIONS = NO;
				ENABLE_STRICT_OBJC_MSGSEND = YES;
				GCC_C_LANGUAGE_STANDARD = gnu11;
				GCC_NO_COMMON_BLOCKS = YES;
				GCC_WARN_64_TO_32_BIT_CONVERSION = YES;
				GCC_WARN_ABOUT_RETURN_TYPE = YES_ERROR;
				GCC_WARN_UNDECLARED_SELECTOR = YES;
				GCC_WARN_UNINITIALIZED_AUTOS = YES_AGGRESSIVE;
				GCC_WARN_UNUSED_FUNCTION = YES;
				GCC_WARN_UNUSED_VARIABLE = YES;
				IPHONEOS_DEPLOYMENT_TARGET = 15.0;
				MTL_ENABLE_DEBUG_INFO = NO;
				MTL_FAST_MATH = YES;
				SDKROOT = iphoneos;
				SWIFT_COMPILATION_MODE = wholemodule;
				SWIFT_OPTIMIZATION_LEVEL = "-O";
				VALIDATE_PRODUCT = YES;
			};
			name = Release;
		};
		3A803911273104910044803F /* Debug */ = {
			isa = XCBuildConfiguration;
			buildSettings = {
				ASSETCATALOG_COMPILER_APPICON_NAME = AppIcon;
				ASSETCATALOG_COMPILER_GLOBAL_ACCENT_COLOR_NAME = AccentColor;
				CODE_SIGN_ENTITLEMENTS = MonsterSiren/MonsterSiren.entitlements;
				CODE_SIGN_STYLE = Automatic;
				CURRENT_PROJECT_VERSION = 7;
				DEVELOPMENT_TEAM = 8Q2A6VDAQN;
				GENERATE_INFOPLIST_FILE = YES;
				INFOPLIST_FILE = MonsterSiren/Info.plist;
				INFOPLIST_KEY_LSApplicationCategoryType = "public.app-category.entertainment";
				INFOPLIST_KEY_UIApplicationSupportsIndirectInputEvents = YES;
				INFOPLIST_KEY_UILaunchStoryboardName = LaunchScreen;
				INFOPLIST_KEY_UIMainStoryboardFile = Main;
				INFOPLIST_KEY_UIStatusBarHidden = YES;
				INFOPLIST_KEY_UISupportedInterfaceOrientations = "";
				INFOPLIST_KEY_UISupportedInterfaceOrientations_iPad = "UIInterfaceOrientationPortrait UIInterfaceOrientationPortraitUpsideDown UIInterfaceOrientationLandscapeLeft UIInterfaceOrientationLandscapeRight";
				INFOPLIST_KEY_UISupportedInterfaceOrientations_iPhone = "UIInterfaceOrientationPortrait UIInterfaceOrientationLandscapeLeft UIInterfaceOrientationLandscapeRight";
				IPHONEOS_DEPLOYMENT_TARGET = 14.0;
				"IPHONEOS_DEPLOYMENT_TARGET[sdk=macosx*]" = 14.2;
				LD_RUNPATH_SEARCH_PATHS = (
					"$(inherited)",
					"@executable_path/Frameworks",
				);
				MARKETING_VERSION = 1.0.0;
				PRODUCT_BUNDLE_IDENTIFIER = tk.p1atdev.MonsterSiren;
				PRODUCT_NAME = "$(TARGET_NAME)";
				SUPPORTS_MACCATALYST = YES;
				SWIFT_EMIT_LOC_STRINGS = YES;
				SWIFT_VERSION = 5.0;
				TARGETED_DEVICE_FAMILY = "1,2";
			};
			name = Debug;
		};
		3A803912273104910044803F /* Release */ = {
			isa = XCBuildConfiguration;
			buildSettings = {
				ASSETCATALOG_COMPILER_APPICON_NAME = AppIcon;
				ASSETCATALOG_COMPILER_GLOBAL_ACCENT_COLOR_NAME = AccentColor;
				CODE_SIGN_ENTITLEMENTS = MonsterSiren/MonsterSiren.entitlements;
				CODE_SIGN_STYLE = Automatic;
				CURRENT_PROJECT_VERSION = 7;
				DEVELOPMENT_TEAM = 8Q2A6VDAQN;
				GENERATE_INFOPLIST_FILE = YES;
				INFOPLIST_FILE = MonsterSiren/Info.plist;
				INFOPLIST_KEY_LSApplicationCategoryType = "public.app-category.entertainment";
				INFOPLIST_KEY_UIApplicationSupportsIndirectInputEvents = YES;
				INFOPLIST_KEY_UILaunchStoryboardName = LaunchScreen;
				INFOPLIST_KEY_UIMainStoryboardFile = Main;
				INFOPLIST_KEY_UIStatusBarHidden = YES;
				INFOPLIST_KEY_UISupportedInterfaceOrientations = "";
				INFOPLIST_KEY_UISupportedInterfaceOrientations_iPad = "UIInterfaceOrientationPortrait UIInterfaceOrientationPortraitUpsideDown UIInterfaceOrientationLandscapeLeft UIInterfaceOrientationLandscapeRight";
				INFOPLIST_KEY_UISupportedInterfaceOrientations_iPhone = "UIInterfaceOrientationPortrait UIInterfaceOrientationLandscapeLeft UIInterfaceOrientationLandscapeRight";
				IPHONEOS_DEPLOYMENT_TARGET = 14.0;
				"IPHONEOS_DEPLOYMENT_TARGET[sdk=macosx*]" = 14.2;
				LD_RUNPATH_SEARCH_PATHS = (
					"$(inherited)",
					"@executable_path/Frameworks",
				);
				MARKETING_VERSION = 1.0.0;
				PRODUCT_BUNDLE_IDENTIFIER = tk.p1atdev.MonsterSiren;
				PRODUCT_NAME = "$(TARGET_NAME)";
				SUPPORTS_MACCATALYST = YES;
				SWIFT_EMIT_LOC_STRINGS = YES;
				SWIFT_VERSION = 5.0;
				TARGETED_DEVICE_FAMILY = "1,2";
			};
			name = Release;
		};
		3A803914273104910044803F /* Debug */ = {
			isa = XCBuildConfiguration;
			buildSettings = {
				ALWAYS_EMBED_SWIFT_STANDARD_LIBRARIES = YES;
				BUNDLE_LOADER = "$(TEST_HOST)";
				CODE_SIGN_STYLE = Automatic;
				CURRENT_PROJECT_VERSION = 1;
				DEVELOPMENT_TEAM = 8Q2A6VDAQN;
				GENERATE_INFOPLIST_FILE = YES;
				IPHONEOS_DEPLOYMENT_TARGET = 15.0;
				LD_RUNPATH_SEARCH_PATHS = (
					"$(inherited)",
					"@executable_path/Frameworks",
					"@loader_path/Frameworks",
				);
				MARKETING_VERSION = 1.0;
				PRODUCT_BUNDLE_IDENTIFIER = tk.p1atdev.MonsterSirenTests;
				PRODUCT_NAME = "$(TARGET_NAME)";
				SWIFT_EMIT_LOC_STRINGS = NO;
				SWIFT_VERSION = 5.0;
				TARGETED_DEVICE_FAMILY = "1,2";
				TEST_HOST = "$(BUILT_PRODUCTS_DIR)/MonsterSiren.app/MonsterSiren";
			};
			name = Debug;
		};
		3A803915273104910044803F /* Release */ = {
			isa = XCBuildConfiguration;
			buildSettings = {
				ALWAYS_EMBED_SWIFT_STANDARD_LIBRARIES = YES;
				BUNDLE_LOADER = "$(TEST_HOST)";
				CODE_SIGN_STYLE = Automatic;
				CURRENT_PROJECT_VERSION = 1;
				DEVELOPMENT_TEAM = 8Q2A6VDAQN;
				GENERATE_INFOPLIST_FILE = YES;
				IPHONEOS_DEPLOYMENT_TARGET = 15.0;
				LD_RUNPATH_SEARCH_PATHS = (
					"$(inherited)",
					"@executable_path/Frameworks",
					"@loader_path/Frameworks",
				);
				MARKETING_VERSION = 1.0;
				PRODUCT_BUNDLE_IDENTIFIER = tk.p1atdev.MonsterSirenTests;
				PRODUCT_NAME = "$(TARGET_NAME)";
				SWIFT_EMIT_LOC_STRINGS = NO;
				SWIFT_VERSION = 5.0;
				TARGETED_DEVICE_FAMILY = "1,2";
				TEST_HOST = "$(BUILT_PRODUCTS_DIR)/MonsterSiren.app/MonsterSiren";
			};
			name = Release;
		};
		3A803917273104910044803F /* Debug */ = {
			isa = XCBuildConfiguration;
			buildSettings = {
				ALWAYS_EMBED_SWIFT_STANDARD_LIBRARIES = YES;
				CODE_SIGN_STYLE = Automatic;
				CURRENT_PROJECT_VERSION = 1;
				DEVELOPMENT_TEAM = 8Q2A6VDAQN;
				GENERATE_INFOPLIST_FILE = YES;
				LD_RUNPATH_SEARCH_PATHS = (
					"$(inherited)",
					"@executable_path/Frameworks",
					"@loader_path/Frameworks",
				);
				MARKETING_VERSION = 1.0;
				PRODUCT_BUNDLE_IDENTIFIER = tk.p1atdev.MonsterSirenUITests;
				PRODUCT_NAME = "$(TARGET_NAME)";
				SWIFT_EMIT_LOC_STRINGS = NO;
				SWIFT_VERSION = 5.0;
				TARGETED_DEVICE_FAMILY = "1,2";
				TEST_TARGET_NAME = MonsterSiren;
			};
			name = Debug;
		};
		3A803918273104910044803F /* Release */ = {
			isa = XCBuildConfiguration;
			buildSettings = {
				ALWAYS_EMBED_SWIFT_STANDARD_LIBRARIES = YES;
				CODE_SIGN_STYLE = Automatic;
				CURRENT_PROJECT_VERSION = 1;
				DEVELOPMENT_TEAM = 8Q2A6VDAQN;
				GENERATE_INFOPLIST_FILE = YES;
				LD_RUNPATH_SEARCH_PATHS = (
					"$(inherited)",
					"@executable_path/Frameworks",
					"@loader_path/Frameworks",
				);
				MARKETING_VERSION = 1.0;
				PRODUCT_BUNDLE_IDENTIFIER = tk.p1atdev.MonsterSirenUITests;
				PRODUCT_NAME = "$(TARGET_NAME)";
				SWIFT_EMIT_LOC_STRINGS = NO;
				SWIFT_VERSION = 5.0;
				TARGETED_DEVICE_FAMILY = "1,2";
				TEST_TARGET_NAME = MonsterSiren;
			};
			name = Release;
		};
/* End XCBuildConfiguration section */

/* Begin XCConfigurationList section */
		3A8038E12731048F0044803F /* Build configuration list for PBXProject "MonsterSiren" */ = {
			isa = XCConfigurationList;
			buildConfigurations = (
				3A80390E273104910044803F /* Debug */,
				3A80390F273104910044803F /* Release */,
			);
			defaultConfigurationIsVisible = 0;
			defaultConfigurationName = Release;
		};
		3A803910273104910044803F /* Build configuration list for PBXNativeTarget "MonsterSiren" */ = {
			isa = XCConfigurationList;
			buildConfigurations = (
				3A803911273104910044803F /* Debug */,
				3A803912273104910044803F /* Release */,
			);
			defaultConfigurationIsVisible = 0;
			defaultConfigurationName = Release;
		};
		3A803913273104910044803F /* Build configuration list for PBXNativeTarget "MonsterSirenTests" */ = {
			isa = XCConfigurationList;
			buildConfigurations = (
				3A803914273104910044803F /* Debug */,
				3A803915273104910044803F /* Release */,
			);
			defaultConfigurationIsVisible = 0;
			defaultConfigurationName = Release;
		};
		3A803916273104910044803F /* Build configuration list for PBXNativeTarget "MonsterSirenUITests" */ = {
			isa = XCConfigurationList;
			buildConfigurations = (
				3A803917273104910044803F /* Debug */,
				3A803918273104910044803F /* Release */,
			);
			defaultConfigurationIsVisible = 0;
			defaultConfigurationName = Release;
		};
/* End XCConfigurationList section */

/* Begin XCRemoteSwiftPackageReference section */
		3A47A36C2731936D00A509B6 /* XCRemoteSwiftPackageReference "SwiftAudioPlayer" */ = {
			isa = XCRemoteSwiftPackageReference;
			repositoryURL = "https://github.com/tanhakabir/SwiftAudioPlayer.git";
			requirement = {
				kind = upToNextMajorVersion;
				minimumVersion = 7.0.0;
			};
		};
/* End XCRemoteSwiftPackageReference section */

/* Begin XCSwiftPackageProductDependency section */
		3A47A36D2731936D00A509B6 /* SwiftAudioPlayer */ = {
			isa = XCSwiftPackageProductDependency;
			package = 3A47A36C2731936D00A509B6 /* XCRemoteSwiftPackageReference "SwiftAudioPlayer" */;
			productName = SwiftAudioPlayer;
		};
/* End XCSwiftPackageProductDependency section */
	};
	rootObject = 3A8038DE2731048F0044803F /* Project object */;
}
